// !$*UTF8*$!
{
	archiveVersion = 1;
	classes = {
	};
	objectVersion = 77;
	objects = {

/* Begin PBXContainerItemProxy section */
		A1238DAD2D5D017B00DE9471 /* PBXContainerItemProxy */ = {
			isa = PBXContainerItemProxy;
			containerPortal = A1238D8E2D5D017900DE9471 /* Project object */;
			proxyType = 1;
			remoteGlobalIDString = A1238D952D5D017900DE9471;
			remoteInfo = bananaClickerFirebase;
		};
		A1238DB72D5D017B00DE9471 /* PBXContainerItemProxy */ = {
			isa = PBXContainerItemProxy;
			containerPortal = A1238D8E2D5D017900DE9471 /* Project object */;
			proxyType = 1;
			remoteGlobalIDString = A1238D952D5D017900DE9471;
			remoteInfo = bananaClickerFirebase;
		};
/* End PBXContainerItemProxy section */

/* Begin PBXFileReference section */
		A1238D962D5D017900DE9471 /* bananaClickerFirebase.app */ = {isa = PBXFileReference; explicitFileType = wrapper.application; includeInIndex = 0; path = bananaClickerFirebase.app; sourceTree = BUILT_PRODUCTS_DIR; };
		A1238DAC2D5D017B00DE9471 /* bananaClickerFirebaseTests.xctest */ = {isa = PBXFileReference; explicitFileType = wrapper.cfbundle; includeInIndex = 0; path = bananaClickerFirebaseTests.xctest; sourceTree = BUILT_PRODUCTS_DIR; };
		A1238DB62D5D017B00DE9471 /* bananaClickerFirebaseUITests.xctest */ = {isa = PBXFileReference; explicitFileType = wrapper.cfbundle; includeInIndex = 0; path = bananaClickerFirebaseUITests.xctest; sourceTree = BUILT_PRODUCTS_DIR; };
/* End PBXFileReference section */

/* Begin PBXFileSystemSynchronizedBuildFileExceptionSet section */
		A1238DBE2D5D017B00DE9471 /* Exceptions for "bananaClickerFirebase" folder in "bananaClickerFirebase" target */ = {
			isa = PBXFileSystemSynchronizedBuildFileExceptionSet;
			membershipExceptions = (
				Info.plist,
			);
			target = A1238D952D5D017900DE9471 /* bananaClickerFirebase */;
		};
/* End PBXFileSystemSynchronizedBuildFileExceptionSet section */

/* Begin PBXFileSystemSynchronizedRootGroup section */
		A1238D982D5D017900DE9471 /* bananaClickerFirebase */ = {
			isa = PBXFileSystemSynchronizedRootGroup;
			exceptions = (
				A1238DBE2D5D017B00DE9471 /* Exceptions for "bananaClickerFirebase" folder in "bananaClickerFirebase" target */,
			);
			path = bananaClickerFirebase;
			sourceTree = "<group>";
		};
		A1238DAF2D5D017B00DE9471 /* bananaClickerFirebaseTests */ = {
			isa = PBXFileSystemSynchronizedRootGroup;
			path = bananaClickerFirebaseTests;
			sourceTree = "<group>";
		};
		A1238DB92D5D017B00DE9471 /* bananaClickerFirebaseUITests */ = {
			isa = PBXFileSystemSynchronizedRootGroup;
			path = bananaClickerFirebaseUITests;
			sourceTree = "<group>";
		};
/* End PBXFileSystemSynchronizedRootGroup section */

/* Begin PBXFrameworksBuildPhase section */
		A1238D932D5D017900DE9471 /* Frameworks */ = {
			isa = PBXFrameworksBuildPhase;
			buildActionMask = 2147483647;
			files = (
			);
			runOnlyForDeploymentPostprocessing = 0;
		};
		A1238DA92D5D017B00DE9471 /* Frameworks */ = {
			isa = PBXFrameworksBuildPhase;
			buildActionMask = 2147483647;
			files = (
			);
			runOnlyForDeploymentPostprocessing = 0;
		};
		A1238DB32D5D017B00DE9471 /* Frameworks */ = {
			isa = PBXFrameworksBuildPhase;
			buildActionMask = 2147483647;
			files = (
			);
			runOnlyForDeploymentPostprocessing = 0;
		};
/* End PBXFrameworksBuildPhase section */

/* Begin PBXGroup section */
		A1238D8D2D5D017900DE9471 = {
			isa = PBXGroup;
			children = (
				A1238D982D5D017900DE9471 /* bananaClickerFirebase */,
				A1238DAF2D5D017B00DE9471 /* bananaClickerFirebaseTests */,
				A1238DB92D5D017B00DE9471 /* bananaClickerFirebaseUITests */,
				A1238D972D5D017900DE9471 /* Products */,
			);
			sourceTree = "<group>";
		};
		A1238D972D5D017900DE9471 /* Products */ = {
			isa = PBXGroup;
			children = (
				A1238D962D5D017900DE9471 /* bananaClickerFirebase.app */,
				A1238DAC2D5D017B00DE9471 /* bananaClickerFirebaseTests.xctest */,
				A1238DB62D5D017B00DE9471 /* bananaClickerFirebaseUITests.xctest */,
			);
			name = Products;
			sourceTree = "<group>";
		};
/* End PBXGroup section */

/* Begin PBXNativeTarget section */
		A1238D952D5D017900DE9471 /* bananaClickerFirebase */ = {
			isa = PBXNativeTarget;
			buildConfigurationList = A1238DBF2D5D017B00DE9471 /* Build configuration list for PBXNativeTarget "bananaClickerFirebase" */;
			buildPhases = (
				A1238D922D5D017900DE9471 /* Sources */,
				A1238D932D5D017900DE9471 /* Frameworks */,
				A1238D942D5D017900DE9471 /* Resources */,
			);
			buildRules = (
			);
			dependencies = (
			);
			fileSystemSynchronizedGroups = (
				A1238D982D5D017900DE9471 /* bananaClickerFirebase */,
			);
			name = bananaClickerFirebase;
			packageProductDependencies = (
			);
			productName = bananaClickerFirebase;
			productReference = A1238D962D5D017900DE9471 /* bananaClickerFirebase.app */;
			productType = "com.apple.product-type.application";
		};
		A1238DAB2D5D017B00DE9471 /* bananaClickerFirebaseTests */ = {
			isa = PBXNativeTarget;
			buildConfigurationList = A1238DC42D5D017B00DE9471 /* Build configuration list for PBXNativeTarget "bananaClickerFirebaseTests" */;
			buildPhases = (
				A1238DA82D5D017B00DE9471 /* Sources */,
				A1238DA92D5D017B00DE9471 /* Frameworks */,
				A1238DAA2D5D017B00DE9471 /* Resources */,
			);
			buildRules = (
			);
			dependencies = (
				A1238DAE2D5D017B00DE9471 /* PBXTargetDependency */,
			);
			fileSystemSynchronizedGroups = (
				A1238DAF2D5D017B00DE9471 /* bananaClickerFirebaseTests */,
			);
			name = bananaClickerFirebaseTests;
			packageProductDependencies = (
			);
			productName = bananaClickerFirebaseTests;
			productReference = A1238DAC2D5D017B00DE9471 /* bananaClickerFirebaseTests.xctest */;
			productType = "com.apple.product-type.bundle.unit-test";
		};
		A1238DB52D5D017B00DE9471 /* bananaClickerFirebaseUITests */ = {
			isa = PBXNativeTarget;
			buildConfigurationList = A1238DC72D5D017B00DE9471 /* Build configuration list for PBXNativeTarget "bananaClickerFirebaseUITests" */;
			buildPhases = (
				A1238DB22D5D017B00DE9471 /* Sources */,
				A1238DB32D5D017B00DE9471 /* Frameworks */,
				A1238DB42D5D017B00DE9471 /* Resources */,
			);
			buildRules = (
			);
			dependencies = (
				A1238DB82D5D017B00DE9471 /* PBXTargetDependency */,
			);
			fileSystemSynchronizedGroups = (
				A1238DB92D5D017B00DE9471 /* bananaClickerFirebaseUITests */,
			);
			name = bananaClickerFirebaseUITests;
			packageProductDependencies = (
			);
			productName = bananaClickerFirebaseUITests;
			productReference = A1238DB62D5D017B00DE9471 /* bananaClickerFirebaseUITests.xctest */;
			productType = "com.apple.product-type.bundle.ui-testing";
		};
/* End PBXNativeTarget section */

/* Begin PBXProject section */
		A1238D8E2D5D017900DE9471 /* Project object */ = {
			isa = PBXProject;
			attributes = {
				BuildIndependentTargetsInParallel = 1;
				LastSwiftUpdateCheck = 1600;
				LastUpgradeCheck = 1600;
				TargetAttributes = {
					A1238D952D5D017900DE9471 = {
						CreatedOnToolsVersion = 16.0;
					};
					A1238DAB2D5D017B00DE9471 = {
						CreatedOnToolsVersion = 16.0;
						TestTargetID = A1238D952D5D017900DE9471;
					};
					A1238DB52D5D017B00DE9471 = {
						CreatedOnToolsVersion = 16.0;
						TestTargetID = A1238D952D5D017900DE9471;
					};
				};
			};
			buildConfigurationList = A1238D912D5D017900DE9471 /* Build configuration list for PBXProject "bananaClickerFirebase" */;
			developmentRegion = en;
			hasScannedForEncodings = 0;
			knownRegions = (
				en,
				Base,
			);
			mainGroup = A1238D8D2D5D017900DE9471;
			minimizedProjectReferenceProxies = 1;
			preferredProjectObjectVersion = 77;
			productRefGroup = A1238D972D5D017900DE9471 /* Products */;
			projectDirPath = "";
			projectRoot = "";
			targets = (
				A1238D952D5D017900DE9471 /* bananaClickerFirebase */,
				A1238DAB2D5D017B00DE9471 /* bananaClickerFirebaseTests */,
				A1238DB52D5D017B00DE9471 /* bananaClickerFirebaseUITests */,
			);
		};
/* End PBXProject section */

/* Begin PBXResourcesBuildPhase section */
		A1238D942D5D017900DE9471 /* Resources */ = {
			isa = PBXResourcesBuildPhase;
			buildActionMask = 2147483647;
			files = (
			);
			runOnlyForDeploymentPostprocessing = 0;
		};
		A1238DAA2D5D017B00DE9471 /* Resources */ = {
			isa = PBXResourcesBuildPhase;
			buildActionMask = 2147483647;
			files = (
			);
			runOnlyForDeploymentPostprocessing = 0;
		};
		A1238DB42D5D017B00DE9471 /* Resources */ = {
			isa = PBXResourcesBuildPhase;
			buildActionMask = 2147483647;
			files = (
			);
			runOnlyForDeploymentPostprocessing = 0;
		};
/* End PBXResourcesBuildPhase section */

/* Begin PBXSourcesBuildPhase section */
		A1238D922D5D017900DE9471 /* Sources */ = {
			isa = PBXSourcesBuildPhase;
			buildActionMask = 2147483647;
			files = (
			);
			runOnlyForDeploymentPostprocessing = 0;
		};
		A1238DA82D5D017B00DE9471 /* Sources */ = {
			isa = PBXSourcesBuildPhase;
			buildActionMask = 2147483647;
			files = (
			);
			runOnlyForDeploymentPostprocessing = 0;
		};
		A1238DB22D5D017B00DE9471 /* Sources */ = {
			isa = PBXSourcesBuildPhase;
			buildActionMask = 2147483647;
			files = (
			);
			runOnlyForDeploymentPostprocessing = 0;
		};
/* End PBXSourcesBuildPhase section */

/* Begin PBXTargetDependency section */
		A1238DAE2D5D017B00DE9471 /* PBXTargetDependency */ = {
			isa = PBXTargetDependency;
			target = A1238D952D5D017900DE9471 /* bananaClickerFirebase */;
			targetProxy = A1238DAD2D5D017B00DE9471 /* PBXContainerItemProxy */;
		};
		A1238DB82D5D017B00DE9471 /* PBXTargetDependency */ = {
			isa = PBXTargetDependency;
			target = A1238D952D5D017900DE9471 /* bananaClickerFirebase */;
			targetProxy = A1238DB72D5D017B00DE9471 /* PBXContainerItemProxy */;
		};
/* End PBXTargetDependency section */

/* Begin XCBuildConfiguration section */
		A1238DC02D5D017B00DE9471 /* Debug */ = {
			isa = XCBuildConfiguration;
			buildSettings = {
				ASSETCATALOG_COMPILER_APPICON_NAME = AppIcon;
				ASSETCATALOG_COMPILER_GLOBAL_ACCENT_COLOR_NAME = AccentColor;
				CODE_SIGN_STYLE = Automatic;
				CURRENT_PROJECT_VERSION = 1;
				GENERATE_INFOPLIST_FILE = YES;
				INFOPLIST_FILE = bananaClickerFirebase/Info.plist;
				INFOPLIST_KEY_UIApplicationSupportsIndirectInputEvents = YES;
				INFOPLIST_KEY_UILaunchStoryboardName = LaunchScreen;
				INFOPLIST_KEY_UIMainStoryboardFile = Main;
				INFOPLIST_KEY_UISupportedInterfaceOrientations_iPad = "UIInterfaceOrientationPortrait UIInterfaceOrientationPortraitUpsideDown UIInterfaceOrientationLandscapeLeft UIInterfaceOrientationLandscapeRight";
				INFOPLIST_KEY_UISupportedInterfaceOrientations_iPhone = "UIInterfaceOrientationPortrait UIInterfaceOrientationLandscapeLeft UIInterfaceOrientationLandscapeRight";
				LD_RUNPATH_SEARCH_PATHS = (
					"$(inherited)",
					"@executable_path/Frameworks",
				);
				MARKETING_VERSION = 1.0;
				PRODUCT_BUNDLE_IDENTIFIER = "Peter-Mickle.bananaClickerFirebase";
				PRODUCT_NAME = "$(TARGET_NAME)";
				SWIFT_EMIT_LOC_STRINGS = YES;
				SWIFT_VERSION = 5.0;
				TARGETED_DEVICE_FAMILY = "1,2";
			};
			name = Debug;
		};
		A1238DC12D5D017B00DE9471 /* Release */ = {
			isa = XCBuildConfiguration;
			buildSettings = {
				ASSETCATALOG_COMPILER_APPICON_NAME = AppIcon;
				ASSETCATALOG_COMPILER_GLOBAL_ACCENT_COLOR_NAME = AccentColor;
				CODE_SIGN_STYLE = Automatic;
				CURRENT_PROJECT_VERSION = 1;
				GENERATE_INFOPLIST_FILE = YES;
				INFOPLIST_FILE = bananaClickerFirebase/Info.plist;
				INFOPLIST_KEY_UIApplicationSupportsIndirectInputEvents = YES;
				INFOPLIST_KEY_UILaunchStoryboardName = LaunchScreen;
				INFOPLIST_KEY_UIMainStoryboardFile = Main;
				INFOPLIST_KEY_UISupportedInterfaceOrientations_iPad = "UIInterfaceOrientationPortrait UIInterfaceOrientationPortraitUpsideDown UIInterfaceOrientationLandscapeLeft UIInterfaceOrientationLandscapeRight";
				INFOPLIST_KEY_UISupportedInterfaceOrientations_iPhone = "UIInterfaceOrientationPortrait UIInterfaceOrientationLandscapeLeft UIInterfaceOrientationLandscapeRight";
				LD_RUNPATH_SEARCH_PATHS = (
					"$(inherited)",
					"@executable_path/Frameworks",
				);
				MARKETING_VERSION = 1.0;
				PRODUCT_BUNDLE_IDENTIFIER = "Peter-Mickle.bananaClickerFirebase";
				PRODUCT_NAME = "$(TARGET_NAME)";
				SWIFT_EMIT_LOC_STRINGS = YES;
				SWIFT_VERSION = 5.0;
				TARGETED_DEVICE_FAMILY = "1,2";
			};
			name = Release;
		};
		A1238DC22D5D017B00DE9471 /* Debug */ = {
			isa = XCBuildConfiguration;
			buildSettings = {
				ALWAYS_SEARCH_USER_PATHS = NO;
				ASSETCATALOG_COMPILER_GENERATE_SWIFT_ASSET_SYMBOL_EXTENSIONS = YES;
				CLANG_ANALYZER_NONNULL = YES;
				CLANG_ANALYZER_NUMBER_OBJECT_CONVERSION = YES_AGGRESSIVE;
				CLANG_CXX_LANGUAGE_STANDARD = "gnu++20";
				CLANG_ENABLE_MODULES = YES;
				CLANG_ENABLE_OBJC_ARC = YES;
				CLANG_ENABLE_OBJC_WEAK = YES;
				CLANG_WARN_BLOCK_CAPTURE_AUTORELEASING = YES;
				CLANG_WARN_BOOL_CONVERSION = YES;
				CLANG_WARN_COMMA = YES;
				CLANG_WARN_CONSTANT_CONVERSION = YES;
				CLANG_WARN_DEPRECATED_OBJC_IMPLEMENTATIONS = YES;
				CLANG_WARN_DIRECT_OBJC_ISA_USAGE = YES_ERROR;
				CLANG_WARN_DOCUMENTATION_COMMENTS = YES;
				CLANG_WARN_EMPTY_BODY = YES;
				CLANG_WARN_ENUM_CONVERSION = YES;
				CLANG_WARN_INFINITE_RECURSION = YES;
				CLANG_WARN_INT_CONVERSION = YES;
				CLANG_WARN_NON_LITERAL_NULL_CONVERSION = YES;
				CLANG_WARN_OBJC_IMPLICIT_RETAIN_SELF = YES;
				CLANG_WARN_OBJC_LITERAL_CONVERSION = YES;
				CLANG_WARN_OBJC_ROOT_CLASS = YES_ERROR;
				CLANG_WARN_QUOTED_INCLUDE_IN_FRAMEWORK_HEADER = YES;
				CLANG_WARN_RANGE_LOOP_ANALYSIS = YES;
				CLANG_WARN_STRICT_PROTOTYPES = YES;
				CLANG_WARN_SUSPICIOUS_MOVE = YES;
				CLANG_WARN_UNGUARDED_AVAILABILITY = YES_AGGRESSIVE;
				CLANG_WARN_UNREACHABLE_CODE = YES;
				CLANG_WARN__DUPLICATE_METHOD_MATCH = YES;
				COPY_PHASE_STRIP = NO;
				DEBUG_INFORMATION_FORMAT = dwarf;
				ENABLE_STRICT_OBJC_MSGSEND = YES;
				ENABLE_TESTABILITY = YES;
				ENABLE_USER_SCRIPT_SANDBOXING = YES;
				GCC_C_LANGUAGE_STANDARD = gnu17;
				GCC_DYNAMIC_NO_PIC = NO;
				GCC_NO_COMMON_BLOCKS = YES;
				GCC_OPTIMIZATION_LEVEL = 0;
				GCC_PREPROCESSOR_DEFINITIONS = (
					"DEBUG=1",
					"$(inherited)",
				);
				GCC_WARN_64_TO_32_BIT_CONVERSION = YES;
				GCC_WARN_ABOUT_RETURN_TYPE = YES_ERROR;
				GCC_WARN_UNDECLARED_SELECTOR = YES;
				GCC_WARN_UNINITIALIZED_AUTOS = YES_AGGRESSIVE;
				GCC_WARN_UNUSED_FUNCTION = YES;
				GCC_WARN_UNUSED_VARIABLE = YES;
				IPHONEOS_DEPLOYMENT_TARGET = 18.0;
				LOCALIZATION_PREFERS_STRING_CATALOGS = YES;
				MTL_ENABLE_DEBUG_INFO = INCLUDE_SOURCE;
				MTL_FAST_MATH = YES;
				ONLY_ACTIVE_ARCH = YES;
				SDKROOT = iphoneos;
				SWIFT_ACTIVE_COMPILATION_CONDITIONS = "DEBUG $(inherited)";
				SWIFT_OPTIMIZATION_LEVEL = "-Onone";
			};
			name = Debug;
		};
		A1238DC32D5D017B00DE9471 /* Release */ = {
			isa = XCBuildConfiguration;
			buildSettings = {
				ALWAYS_SEARCH_USER_PATHS = NO;
				ASSETCATALOG_COMPILER_GENERATE_SWIFT_ASSET_SYMBOL_EXTENSIONS = YES;
				CLANG_ANALYZER_NONNULL = YES;
				CLANG_ANALYZER_NUMBER_OBJECT_CONVERSION = YES_AGGRESSIVE;
				CLANG_CXX_LANGUAGE_STANDARD = "gnu++20";
				CLANG_ENABLE_MODULES = YES;
				CLANG_ENABLE_OBJC_ARC = YES;
				CLANG_ENABLE_OBJC_WEAK = YES;
				CLANG_WARN_BLOCK_CAPTURE_AUTORELEASING = YES;
				CLANG_WARN_BOOL_CONVERSION = YES;
				CLANG_WARN_COMMA = YES;
				CLANG_WARN_CONSTANT_CONVERSION = YES;
				CLANG_WARN_DEPRECATED_OBJC_IMPLEMENTATIONS = YES;
				CLANG_WARN_DIRECT_OBJC_ISA_USAGE = YES_ERROR;
				CLANG_WARN_DOCUMENTATION_COMMENTS = YES;
				CLANG_WARN_EMPTY_BODY = YES;
				CLANG_WARN_ENUM_CONVERSION = YES;
				CLANG_WARN_INFINITE_RECURSION = YES;
				CLANG_WARN_INT_CONVERSION = YES;
				CLANG_WARN_NON_LITERAL_NULL_CONVERSION = YES;
				CLANG_WARN_OBJC_IMPLICIT_RETAIN_SELF = YES;
				CLANG_WARN_OBJC_LITERAL_CONVERSION = YES;
				CLANG_WARN_OBJC_ROOT_CLASS = YES_ERROR;
				CLANG_WARN_QUOTED_INCLUDE_IN_FRAMEWORK_HEADER = YES;
				CLANG_WARN_RANGE_LOOP_ANALYSIS = YES;
				CLANG_WARN_STRICT_PROTOTYPES = YES;
				CLANG_WARN_SUSPICIOUS_MOVE = YES;
				CLANG_WARN_UNGUARDED_AVAILABILITY = YES_AGGRESSIVE;
				CLANG_WARN_UNREACHABLE_CODE = YES;
				CLANG_WARN__DUPLICATE_METHOD_MATCH = YES;
				COPY_PHASE_STRIP = NO;
				DEBUG_INFORMATION_FORMAT = "dwarf-with-dsym";
				ENABLE_NS_ASSERTIONS = NO;
				ENABLE_STRICT_OBJC_MSGSEND = YES;
				ENABLE_USER_SCRIPT_SANDBOXING = YES;
				GCC_C_LANGUAGE_STANDARD = gnu17;
				GCC_NO_COMMON_BLOCKS = YES;
				GCC_WARN_64_TO_32_BIT_CONVERSION = YES;
				GCC_WARN_ABOUT_RETURN_TYPE = YES_ERROR;
				GCC_WARN_UNDECLARED_SELECTOR = YES;
				GCC_WARN_UNINITIALIZED_AUTOS = YES_AGGRESSIVE;
				GCC_WARN_UNUSED_FUNCTION = YES;
				GCC_WARN_UNUSED_VARIABLE = YES;
				IPHONEOS_DEPLOYMENT_TARGET = 18.0;
				LOCALIZATION_PREFERS_STRING_CATALOGS = YES;
				MTL_ENABLE_DEBUG_INFO = NO;
				MTL_FAST_MATH = YES;
				SDKROOT = iphoneos;
				SWIFT_COMPILATION_MODE = wholemodule;
				VALIDATE_PRODUCT = YES;
			};
			name = Release;
		};
		A1238DC52D5D017B00DE9471 /* Debug */ = {
			isa = XCBuildConfiguration;
			buildSettings = {
				BUNDLE_LOADER = "$(TEST_HOST)";
				CODE_SIGN_STYLE = Automatic;
				CURRENT_PROJECT_VERSION = 1;
				GENERATE_INFOPLIST_FILE = YES;
				IPHONEOS_DEPLOYMENT_TARGET = 18.0;
				MARKETING_VERSION = 1.0;
				PRODUCT_BUNDLE_IDENTIFIER = "Peter-Mickle.bananaClickerFirebaseTests";
				PRODUCT_NAME = "$(TARGET_NAME)";
				SWIFT_EMIT_LOC_STRINGS = NO;
				SWIFT_VERSION = 5.0;
				TARGETED_DEVICE_FAMILY = "1,2";
				TEST_HOST = "$(BUILT_PRODUCTS_DIR)/bananaClickerFirebase.app/$(BUNDLE_EXECUTABLE_FOLDER_PATH)/bananaClickerFirebase";
			};
			name = Debug;
		};
		A1238DC62D5D017B00DE9471 /* Release */ = {
			isa = XCBuildConfiguration;
			buildSettings = {
				BUNDLE_LOADER = "$(TEST_HOST)";
				CODE_SIGN_STYLE = Automatic;
				CURRENT_PROJECT_VERSION = 1;
				GENERATE_INFOPLIST_FILE = YES;
				IPHONEOS_DEPLOYMENT_TARGET = 18.0;
				MARKETING_VERSION = 1.0;
				PRODUCT_BUNDLE_IDENTIFIER = "Peter-Mickle.bananaClickerFirebaseTests";
				PRODUCT_NAME = "$(TARGET_NAME)";
				SWIFT_EMIT_LOC_STRINGS = NO;
				SWIFT_VERSION = 5.0;
				TARGETED_DEVICE_FAMILY = "1,2";
				TEST_HOST = "$(BUILT_PRODUCTS_DIR)/bananaClickerFirebase.app/$(BUNDLE_EXECUTABLE_FOLDER_PATH)/bananaClickerFirebase";
			};
			name = Release;
		};
		A1238DC82D5D017B00DE9471 /* Debug */ = {
			isa = XCBuildConfiguration;
			buildSettings = {
				CODE_SIGN_STYLE = Automatic;
				CURRENT_PROJECT_VERSION = 1;
				GENERATE_INFOPLIST_FILE = YES;
				MARKETING_VERSION = 1.0;
				PRODUCT_BUNDLE_IDENTIFIER = "Peter-Mickle.bananaClickerFirebaseUITests";
				PRODUCT_NAME = "$(TARGET_NAME)";
				SWIFT_EMIT_LOC_STRINGS = NO;
				SWIFT_VERSION = 5.0;
				TARGETED_DEVICE_FAMILY = "1,2";
				TEST_TARGET_NAME = bananaClickerFirebase;
			};
			name = Debug;
		};
		A1238DC92D5D017B00DE9471 /* Release */ = {
			isa = XCBuildConfiguration;
			buildSettings = {
				CODE_SIGN_STYLE = Automatic;
				CURRENT_PROJECT_VERSION = 1;
				GENERATE_INFOPLIST_FILE = YES;
				MARKETING_VERSION = 1.0;
				PRODUCT_BUNDLE_IDENTIFIER = "Peter-Mickle.bananaClickerFirebaseUITests";
				PRODUCT_NAME = "$(TARGET_NAME)";
				SWIFT_EMIT_LOC_STRINGS = NO;
				SWIFT_VERSION = 5.0;
				TARGETED_DEVICE_FAMILY = "1,2";
				TEST_TARGET_NAME = bananaClickerFirebase;
			};
			name = Release;
		};
/* End XCBuildConfiguration section */

/* Begin XCConfigurationList section */
		A1238D912D5D017900DE9471 /* Build configuration list for PBXProject "bananaClickerFirebase" */ = {
			isa = XCConfigurationList;
			buildConfigurations = (
				A1238DC22D5D017B00DE9471 /* Debug */,
				A1238DC32D5D017B00DE9471 /* Release */,
			);
			defaultConfigurationIsVisible = 0;
			defaultConfigurationName = Release;
		};
		A1238DBF2D5D017B00DE9471 /* Build configuration list for PBXNativeTarget "bananaClickerFirebase" */ = {
			isa = XCConfigurationList;
			buildConfigurations = (
				A1238DC02D5D017B00DE9471 /* Debug */,
				A1238DC12D5D017B00DE9471 /* Release */,
			);
			defaultConfigurationIsVisible = 0;
			defaultConfigurationName = Release;
		};
		A1238DC42D5D017B00DE9471 /* Build configuration list for PBXNativeTarget "bananaClickerFirebaseTests" */ = {
			isa = XCConfigurationList;
			buildConfigurations = (
				A1238DC52D5D017B00DE9471 /* Debug */,
				A1238DC62D5D017B00DE9471 /* Release */,
			);
			defaultConfigurationIsVisible = 0;
			defaultConfigurationName = Release;
		};
		A1238DC72D5D017B00DE9471 /* Build configuration list for PBXNativeTarget "bananaClickerFirebaseUITests" */ = {
			isa = XCConfigurationList;
			buildConfigurations = (
				A1238DC82D5D017B00DE9471 /* Debug */,
				A1238DC92D5D017B00DE9471 /* Release */,
			);
			defaultConfigurationIsVisible = 0;
			defaultConfigurationName = Release;
		};
/* End XCConfigurationList section */
	};
	rootObject = A1238D8E2D5D017900DE9471 /* Project object */;
}
